
Microsoft Visual Studio Solution File, Format Version 12.00
# Visual Studio 15
VisualStudioVersion = 15.0.26228.4
MinimumVisualStudioVersion = 10.0.40219.1
Project("{FAE04EC0-301F-11D3-BF4B-00C04F79EFBC}") = "Aurum.Core", "Aurum.Core\Aurum.Core.csproj", "{E1C4F2CC-C604-4576-A1FB-70AFEF14AB6D}"
EndProject
Project("{2150E333-8FDC-42A3-9474-1A3956D46DE8}") = "UI", "UI", "{9E5F1A35-3828-4041-AD73-ABDCB447EAF4}"
EndProject
Project("{2150E333-8FDC-42A3-9474-1A3956D46DE8}") = "Tests", "Tests", "{ECA38059-0D1C-42DE-8D6E-433F3FFB47AB}"
EndProject
Project("{FAE04EC0-301F-11D3-BF4B-00C04F79EFBC}") = "Aurum.SQL", "Aurum.SQL\Aurum.SQL.csproj", "{4876C3D4-7838-469D-AE82-8BFBDA682C46}"
EndProject
Project("{FAE04EC0-301F-11D3-BF4B-00C04F79EFBC}") = "Aurum.UI", "Aurum.UI\Aurum.UI.csproj", "{5F03DF83-8EEB-4537-A28B-6A4F2CE76F0C}"
EndProject
Project("{FAE04EC0-301F-11D3-BF4B-00C04F79EFBC}") = "Aurum.UI.Core", "Aurum.UI.Core\Aurum.UI.Core.csproj", "{08F9891F-FA5C-4607-8482-E023A868389C}"
EndProject
Project("{FAE04EC0-301F-11D3-BF4B-00C04F79EFBC}") = "Aurum.UI.SQL", "Aurum.UI.SQL\Aurum.UI.SQL.csproj", "{C17FE89E-497D-42E7-A08D-C00D14F07C2B}"
EndProject
Project("{FAE04EC0-301F-11D3-BF4B-00C04F79EFBC}") = "Aurum.SQL.Tests", "Aurum.SQL.Tests\Aurum.SQL.Tests.csproj", "{D2A64C8E-F748-42B3-A1FC-A04A4B9FABCE}"
EndProject
Project("{00D1A9C2-B5F0-4AF3-8072-F6C62B433612}") = "Aurum.TestDB", "Aurum.TestDB\Aurum.TestDB.sqlproj", "{09A3D810-1A35-46AB-92DC-6DA676CBE8FC}"
EndProject
Project("{FAE04EC0-301F-11D3-BF4B-00C04F79EFBC}") = "Aurum.Core.Tests", "Aurum.Core.Tests\Aurum.Core.Tests.csproj", "{673943C1-562D-442D-854F-FAC239EAE7B0}"
EndProject
Project("{FAE04EC0-301F-11D3-BF4B-00C04F79EFBC}") = "Aurum.VS", "Aurum.VS\Aurum.VS.csproj", "{D13703AE-9C18-4FFA-B2FA-E4901329F300}"
EndProject
Project("{FAE04EC0-301F-11D3-BF4B-00C04F79EFBC}") = "Aurum.Shared", "Aurum.Shared\Aurum.Shared.csproj", "{1FB1A946-4CA2-4A4F-99D8-ED4D439D91C5}"
EndProject
Project("{FAE04EC0-301F-11D3-BF4B-00C04F79EFBC}") = "Aurum.Gen", "Aurum.Gen\Aurum.Gen.csproj", "{2D7E10CF-6040-47A9-94C1-5897D13344B0}"
EndProject
Project("{FAE04EC0-301F-11D3-BF4B-00C04F79EFBC}") = "Aurum.Gen.Tests", "Aurum.Gen.Tests\Aurum.Gen.Tests.csproj", "{37DC5276-322F-42DE-881B-BCC764E2C289}"
EndProject
Project("{FAE04EC0-301F-11D3-BF4B-00C04F79EFBC}") = "Aurum.Integration.Tests", "Aurum.Integration.Tests\Aurum.Integration.Tests.csproj", "{D5FEA941-D907-4F9B-9296-3B9493CAC53B}"
EndProject
Project("{2150E333-8FDC-42A3-9474-1A3956D46DE8}") = "Client", "Client", "{6BAED460-C1AE-459E-B61B-105CC99A4B31}"
EndProject
Project("{FAE04EC0-301F-11D3-BF4B-00C04F79EFBC}") = "Aurum.TemplateUtils", "Aurum.TemplateUtils\Aurum.TemplateUtils.csproj", "{DE29813A-2E6C-49E0-A38F-369E5285C155}"
EndProject
Global
	GlobalSection(SolutionConfigurationPlatforms) = preSolution
		Debug|Any CPU = Debug|Any CPU
		Release|Any CPU = Release|Any CPU
	EndGlobalSection
	GlobalSection(ProjectConfigurationPlatforms) = postSolution
		{E1C4F2CC-C604-4576-A1FB-70AFEF14AB6D}.Debug|Any CPU.ActiveCfg = Debug|Any CPU
		{E1C4F2CC-C604-4576-A1FB-70AFEF14AB6D}.Debug|Any CPU.Build.0 = Debug|Any CPU
		{E1C4F2CC-C604-4576-A1FB-70AFEF14AB6D}.Release|Any CPU.ActiveCfg = Release|Any CPU
		{E1C4F2CC-C604-4576-A1FB-70AFEF14AB6D}.Release|Any CPU.Build.0 = Release|Any CPU
		{4876C3D4-7838-469D-AE82-8BFBDA682C46}.Debug|Any CPU.ActiveCfg = Debug|Any CPU
		{4876C3D4-7838-469D-AE82-8BFBDA682C46}.Debug|Any CPU.Build.0 = Debug|Any CPU
		{4876C3D4-7838-469D-AE82-8BFBDA682C46}.Release|Any CPU.ActiveCfg = Release|Any CPU
		{4876C3D4-7838-469D-AE82-8BFBDA682C46}.Release|Any CPU.Build.0 = Release|Any CPU
		{5F03DF83-8EEB-4537-A28B-6A4F2CE76F0C}.Debug|Any CPU.ActiveCfg = Debug|Any CPU
		{5F03DF83-8EEB-4537-A28B-6A4F2CE76F0C}.Debug|Any CPU.Build.0 = Debug|Any CPU
		{5F03DF83-8EEB-4537-A28B-6A4F2CE76F0C}.Release|Any CPU.ActiveCfg = Release|Any CPU
		{5F03DF83-8EEB-4537-A28B-6A4F2CE76F0C}.Release|Any CPU.Build.0 = Release|Any CPU
		{08F9891F-FA5C-4607-8482-E023A868389C}.Debug|Any CPU.ActiveCfg = Debug|Any CPU
		{08F9891F-FA5C-4607-8482-E023A868389C}.Debug|Any CPU.Build.0 = Debug|Any CPU
		{08F9891F-FA5C-4607-8482-E023A868389C}.Release|Any CPU.ActiveCfg = Release|Any CPU
		{08F9891F-FA5C-4607-8482-E023A868389C}.Release|Any CPU.Build.0 = Release|Any CPU
		{C17FE89E-497D-42E7-A08D-C00D14F07C2B}.Debug|Any CPU.ActiveCfg = Debug|Any CPU
		{C17FE89E-497D-42E7-A08D-C00D14F07C2B}.Debug|Any CPU.Build.0 = Debug|Any CPU
		{C17FE89E-497D-42E7-A08D-C00D14F07C2B}.Release|Any CPU.ActiveCfg = Release|Any CPU
		{C17FE89E-497D-42E7-A08D-C00D14F07C2B}.Release|Any CPU.Build.0 = Release|Any CPU
		{D2A64C8E-F748-42B3-A1FC-A04A4B9FABCE}.Debug|Any CPU.ActiveCfg = Debug|Any CPU
		{D2A64C8E-F748-42B3-A1FC-A04A4B9FABCE}.Debug|Any CPU.Build.0 = Debug|Any CPU
		{D2A64C8E-F748-42B3-A1FC-A04A4B9FABCE}.Release|Any CPU.ActiveCfg = Release|Any CPU
		{D2A64C8E-F748-42B3-A1FC-A04A4B9FABCE}.Release|Any CPU.Build.0 = Release|Any CPU
		{09A3D810-1A35-46AB-92DC-6DA676CBE8FC}.Debug|Any CPU.ActiveCfg = Debug|Any CPU
		{09A3D810-1A35-46AB-92DC-6DA676CBE8FC}.Debug|Any CPU.Build.0 = Debug|Any CPU
		{09A3D810-1A35-46AB-92DC-6DA676CBE8FC}.Debug|Any CPU.Deploy.0 = Debug|Any CPU
		{09A3D810-1A35-46AB-92DC-6DA676CBE8FC}.Release|Any CPU.ActiveCfg = Release|Any CPU
		{09A3D810-1A35-46AB-92DC-6DA676CBE8FC}.Release|Any CPU.Build.0 = Release|Any CPU
		{09A3D810-1A35-46AB-92DC-6DA676CBE8FC}.Release|Any CPU.Deploy.0 = Release|Any CPU
		{673943C1-562D-442D-854F-FAC239EAE7B0}.Debug|Any CPU.ActiveCfg = Debug|Any CPU
		{673943C1-562D-442D-854F-FAC239EAE7B0}.Debug|Any CPU.Build.0 = Debug|Any CPU
		{673943C1-562D-442D-854F-FAC239EAE7B0}.Release|Any CPU.ActiveCfg = Release|Any CPU
		{673943C1-562D-442D-854F-FAC239EAE7B0}.Release|Any CPU.Build.0 = Release|Any CPU
		{D13703AE-9C18-4FFA-B2FA-E4901329F300}.Debug|Any CPU.ActiveCfg = Debug|Any CPU
		{D13703AE-9C18-4FFA-B2FA-E4901329F300}.Debug|Any CPU.Build.0 = Debug|Any CPU
		{D13703AE-9C18-4FFA-B2FA-E4901329F300}.Release|Any CPU.ActiveCfg = Release|Any CPU
		{D13703AE-9C18-4FFA-B2FA-E4901329F300}.Release|Any CPU.Build.0 = Release|Any CPU
		{1FB1A946-4CA2-4A4F-99D8-ED4D439D91C5}.Debug|Any CPU.ActiveCfg = Debug|Any CPU
		{1FB1A946-4CA2-4A4F-99D8-ED4D439D91C5}.Debug|Any CPU.Build.0 = Debug|Any CPU
		{1FB1A946-4CA2-4A4F-99D8-ED4D439D91C5}.Release|Any CPU.ActiveCfg = Release|Any CPU
		{1FB1A946-4CA2-4A4F-99D8-ED4D439D91C5}.Release|Any CPU.Build.0 = Release|Any CPU
		{2D7E10CF-6040-47A9-94C1-5897D13344B0}.Debug|Any CPU.ActiveCfg = Debug|Any CPU
		{2D7E10CF-6040-47A9-94C1-5897D13344B0}.Debug|Any CPU.Build.0 = Debug|Any CPU
		{2D7E10CF-6040-47A9-94C1-5897D13344B0}.Release|Any CPU.ActiveCfg = Release|Any CPU
		{2D7E10CF-6040-47A9-94C1-5897D13344B0}.Release|Any CPU.Build.0 = Release|Any CPU
		{37DC5276-322F-42DE-881B-BCC764E2C289}.Debug|Any CPU.ActiveCfg = Debug|Any CPU
		{37DC5276-322F-42DE-881B-BCC764E2C289}.Debug|Any CPU.Build.0 = Debug|Any CPU
		{37DC5276-322F-42DE-881B-BCC764E2C289}.Release|Any CPU.ActiveCfg = Release|Any CPU
		{37DC5276-322F-42DE-881B-BCC764E2C289}.Release|Any CPU.Build.0 = Release|Any CPU
		{D5FEA941-D907-4F9B-9296-3B9493CAC53B}.Debug|Any CPU.ActiveCfg = Debug|Any CPU
		{D5FEA941-D907-4F9B-9296-3B9493CAC53B}.Debug|Any CPU.Build.0 = Debug|Any CPU
		{D5FEA941-D907-4F9B-9296-3B9493CAC53B}.Release|Any CPU.ActiveCfg = Release|Any CPU
		{D5FEA941-D907-4F9B-9296-3B9493CAC53B}.Release|Any CPU.Build.0 = Release|Any CPU
		{DE29813A-2E6C-49E0-A38F-369E5285C155}.Debug|Any CPU.ActiveCfg = Debug|Any CPU
		{DE29813A-2E6C-49E0-A38F-369E5285C155}.Debug|Any CPU.Build.0 = Debug|Any CPU
		{DE29813A-2E6C-49E0-A38F-369E5285C155}.Release|Any CPU.ActiveCfg = Release|Any CPU
		{DE29813A-2E6C-49E0-A38F-369E5285C155}.Release|Any CPU.Build.0 = Release|Any CPU
	EndGlobalSection
	GlobalSection(SolutionProperties) = preSolution
		HideSolutionNode = FALSE
	EndGlobalSection
	GlobalSection(NestedProjects) = preSolution
		{5F03DF83-8EEB-4537-A28B-6A4F2CE76F0C} = {9E5F1A35-3828-4041-AD73-ABDCB447EAF4}
		{08F9891F-FA5C-4607-8482-E023A868389C} = {9E5F1A35-3828-4041-AD73-ABDCB447EAF4}
		{C17FE89E-497D-42E7-A08D-C00D14F07C2B} = {9E5F1A35-3828-4041-AD73-ABDCB447EAF4}
		{D2A64C8E-F748-42B3-A1FC-A04A4B9FABCE} = {ECA38059-0D1C-42DE-8D6E-433F3FFB47AB}
		{09A3D810-1A35-46AB-92DC-6DA676CBE8FC} = {ECA38059-0D1C-42DE-8D6E-433F3FFB47AB}
		{673943C1-562D-442D-854F-FAC239EAE7B0} = {ECA38059-0D1C-42DE-8D6E-433F3FFB47AB}
		{37DC5276-322F-42DE-881B-BCC764E2C289} = {ECA38059-0D1C-42DE-8D6E-433F3FFB47AB}
		{D5FEA941-D907-4F9B-9296-3B9493CAC53B} = {ECA38059-0D1C-42DE-8D6E-433F3FFB47AB}
		{DE29813A-2E6C-49E0-A38F-369E5285C155} = {6BAED460-C1AE-459E-B61B-105CC99A4B31}
	EndGlobalSection
EndGlobal
